
Microsoft Visual Studio Solution File, Format Version 12.00
# Visual Studio Version 17
VisualStudioVersion = 17.7.34221.43
MinimumVisualStudioVersion = 10.0.40219.1
Project("{FAE04EC0-301F-11D3-BF4B-00C04F79EFBC}") = "EDSDKLib", "EDSDKLib\EDSDKLib.csproj", "{15E99248-6161-46A4-9183-609CA62406A6}"
EndProject
Project("{FAE04EC0-301F-11D3-BF4B-00C04F79EFBC}") = "MainForm", "MainForm\MainForm.csproj", "{AC6B306C-AC16-43C4-8624-54A026A5B822}"
EndProject
Global
	GlobalSection(SolutionConfigurationPlatforms) = preSolution
		Debug|x86 = Debug|x86
		Release|x86 = Release|x86
	EndGlobalSection
	GlobalSection(ProjectConfigurationPlatforms) = postSolution
		{15E99248-6161-46A4-9183-609CA62406A6}.Debug|x86.ActiveCfg = Debug|x86
		{15E99248-6161-46A4-9183-609CA62406A6}.Debug|x86.Build.0 = Debug|x86
		{15E99248-6161-46A4-9183-609CA62406A6}.Release|x86.ActiveCfg = Release|x86
		{15E99248-6161-46A4-9183-609CA62406A6}.Release|x86.Build.0 = Release|x86
		{AC6B306C-AC16-43C4-8624-54A026A5B822}.Debug|x86.ActiveCfg = Debug|x86
		{AC6B306C-AC16-43C4-8624-54A026A5B822}.Debug|x86.Build.0 = Debug|x86
		{AC6B306C-AC16-43C4-8624-54A026A5B822}.Release|x86.ActiveCfg = Release|x86
		{AC6B306C-AC16-43C4-8624-54A026A5B822}.Release|x86.Build.0 = Release|x86
	EndGlobalSection
	GlobalSection(SolutionProperties) = preSolution
		HideSolutionNode = FALSE
	EndGlobalSection
	GlobalSection(ExtensibilityGlobals) = postSolution
		SolutionGuid = {7FDE3E19-C334-4E6C-B30E-9EA48994FABD}
	EndGlobalSection
EndGlobal
